
Microsoft Visual Studio Solution File, Format Version 12.00
# Visual Studio 15
VisualStudioVersion = 15.0.27703.2000
MinimumVisualStudioVersion = 10.0.40219.1
Project("{FAE04EC0-301F-11D3-BF4B-00C04F79EFBC}") = "Twilight", "Twilight\Twilight.csproj", "{CFBDFDAE-B021-41C1-931A-9C34E60025C2}"
EndProject
Global
	GlobalSection(SolutionConfigurationPlatforms) = preSolution
		Debug|Any CPU = Debug|Any CPU
		Release|Any CPU = Release|Any CPU
	EndGlobalSection
	GlobalSection(ProjectConfigurationPlatforms) = postSolution
		{CFBDFDAE-B021-41C1-931A-9C34E60025C2}.Debug|Any CPU.ActiveCfg = Debug|Any CPU
		{CFBDFDAE-B021-41C1-931A-9C34E60025C2}.Debug|Any CPU.Build.0 = Debug|Any CPU
		{CFBDFDAE-B021-41C1-931A-9C34E60025C2}.Release|Any CPU.ActiveCfg = Release|Any CPU
		{CFBDFDAE-B021-41C1-931A-9C34E60025C2}.Release|Any CPU.Build.0 = Release|Any CPU
	EndGlobalSection
	GlobalSection(SolutionProperties) = preSolution
		HideSolutionNode = FALSE
	EndGlobalSection
	GlobalSection(ExtensibilityGlobals) = postSolution
		SolutionGuid = {6D271CF6-C64C-4448-B17E-CB7EACFE4D93}
	EndGlobalSection
EndGlobal
